
Microsoft Visual Studio Solution File, Format Version 12.00
# Visual Studio Version 17
VisualStudioVersion = 17.8.34330.188
MinimumVisualStudioVersion = 10.0.40219.1
Project("{FAE04EC0-301F-11D3-BF4B-00C04F79EFBC}") = "Berzeker_1", "Berzeker_1.csproj", "{0CDA0479-297E-4028-AA74-C3BC7266168D}"
EndProject
Global
	GlobalSection(SolutionConfigurationPlatforms) = preSolution
		Debug|Any CPU = Debug|Any CPU
		Release|Any CPU = Release|Any CPU
	EndGlobalSection
	GlobalSection(ProjectConfigurationPlatforms) = postSolution
		{0CDA0479-297E-4028-AA74-C3BC7266168D}.Debug|Any CPU.ActiveCfg = Debug|Any CPU
		{0CDA0479-297E-4028-AA74-C3BC7266168D}.Debug|Any CPU.Build.0 = Debug|Any CPU
		{0CDA0479-297E-4028-AA74-C3BC7266168D}.Release|Any CPU.ActiveCfg = Release|Any CPU
		{0CDA0479-297E-4028-AA74-C3BC7266168D}.Release|Any CPU.Build.0 = Release|Any CPU
	EndGlobalSection
	GlobalSection(SolutionProperties) = preSolution
		HideSolutionNode = FALSE
	EndGlobalSection
	GlobalSection(ExtensibilityGlobals) = postSolution
		SolutionGuid = {921D41B2-B990-4331-B800-7AE436CE9E4D}
	EndGlobalSection
EndGlobal
